{
  "dependencies": {
    "node-soap": {
      "version": "1.0.0",
      "dependencies": {
        "assert": {
          "version": "1.3.0",
          "dependencies": {
            "util": {
              "version": "0.10.3",
              "dependencies": {
                "inherits": {
                  "version": "2.0.1"
                }
              }
            }
          }
        },
        "q": {
          "version": "1.4.1"
        },
        "underscore": {
          "version": "1.8.3"
        }
      }
    }
  }
}
